{
  "name": "alexandria",
  "version": "0.0.1",
  "dependencies": {
    "acorn": {
      "version": "1.2.2",
      "from": "acorn@>=1.0.3 <2.0.0",
      "resolved": "https://registry.npmjs.org/acorn/-/acorn-1.2.2.tgz"
    },
    "ally.js": {
      "version": "1.1.0",
      "from": "ally.js@>=1.1.0 <2.0.0",
      "resolved": "https://registry.npmjs.org/ally.js/-/ally.js-1.1.0.tgz"
    },
    "amdefine": {
      "version": "1.0.0",
      "from": "amdefine@>=0.0.4",
      "resolved": "https://registry.npmjs.org/amdefine/-/amdefine-1.0.0.tgz"
    },
    "array.prototype.findindex": {
      "version": "1.0.0",
      "from": "array.prototype.findindex@>=1.0.0 <2.0.0",
      "resolved": "https://registry.npmjs.org/array.prototype.findindex/-/array.prototype.findindex-1.0.0.tgz"
    },
    "asap": {
      "version": "2.0.4",
      "from": "asap@>=2.0.3 <2.1.0",
      "resolved": "https://registry.npmjs.org/asap/-/asap-2.0.4.tgz"
    },
    "ast-types": {
      "version": "0.8.15",
      "from": "ast-types@0.8.15",
      "resolved": "https://registry.npmjs.org/ast-types/-/ast-types-0.8.15.tgz"
    },
    "babel-runtime": {
      "version": "5.8.38",
      "from": "babel-runtime@>=5.8.38 <6.0.0",
      "resolved": "https://registry.npmjs.org/babel-runtime/-/babel-runtime-5.8.38.tgz"
    },
    "balanced-match": {
      "version": "0.4.1",
      "from": "balanced-match@>=0.4.1 <0.5.0",
      "resolved": "https://registry.npmjs.org/balanced-match/-/balanced-match-0.4.1.tgz"
    },
    "base62": {
      "version": "1.1.1",
      "from": "base62@>=1.1.0 <2.0.0",
      "resolved": "https://registry.npmjs.org/base62/-/base62-1.1.1.tgz"
    },
    "bluebird": {
      "version": "3.4.1",
      "from": "bluebird@>=3.4.1 <4.0.0",
      "resolved": "https://registry.npmjs.org/bluebird/-/bluebird-3.4.1.tgz"
    },
    "brace-expansion": {
      "version": "1.1.5",
      "from": "brace-expansion@>=1.0.0 <2.0.0",
      "resolved": "https://registry.npmjs.org/brace-expansion/-/brace-expansion-1.1.5.tgz"
    },
    "classnames": {
      "version": "2.2.5",
      "from": "classnames@>=2.2.3 <3.0.0",
      "resolved": "https://registry.npmjs.org/classnames/-/classnames-2.2.5.tgz"
    },
    "commander": {
      "version": "2.9.0",
      "from": "commander@>=2.5.0 <3.0.0",
      "resolved": "https://registry.npmjs.org/commander/-/commander-2.9.0.tgz"
    },
    "commoner": {
      "version": "0.10.4",
      "from": "commoner@>=0.10.1 <0.11.0",
      "resolved": "https://registry.npmjs.org/commoner/-/commoner-0.10.4.tgz"
    },
    "concat-map": {
      "version": "0.0.1",
      "from": "concat-map@0.0.1",
      "resolved": "https://registry.npmjs.org/concat-map/-/concat-map-0.0.1.tgz"
    },
    "Concur": {
      "version": "0.3.0",
      "from": "Concur@>=0.3.0 <0.4.0",
      "resolved": "https://registry.npmjs.org/Concur/-/Concur-0.3.0.tgz"
    },
    "core-js": {
      "version": "1.2.6",
      "from": "core-js@>=1.0.0 <2.0.0",
      "resolved": "https://registry.npmjs.org/core-js/-/core-js-1.2.6.tgz"
    },
    "css.escape": {
      "version": "1.5.0",
      "from": "css.escape@>=1.5.0 <2.0.0",
      "resolved": "https://registry.npmjs.org/css.escape/-/css.escape-1.5.0.tgz"
    },
    "deep-equal": {
      "version": "1.0.1",
      "from": "deep-equal@1.0.1",
      "resolved": "https://registry.npmjs.org/deep-equal/-/deep-equal-1.0.1.tgz"
    },
    "defined": {
      "version": "1.0.0",
      "from": "defined@>=1.0.0 <2.0.0",
      "resolved": "https://registry.npmjs.org/defined/-/defined-1.0.0.tgz"
    },
    "detective": {
      "version": "4.3.1",
      "from": "detective@>=4.3.1 <5.0.0",
      "resolved": "https://registry.npmjs.org/detective/-/detective-4.3.1.tgz"
    },
    "dom-helpers": {
      "version": "2.4.0",
      "from": "dom-helpers@>=2.4.0 <3.0.0",
      "resolved": "https://registry.npmjs.org/dom-helpers/-/dom-helpers-2.4.0.tgz"
    },
    "domtokenlist-shim": {
      "version": "1.1.1",
      "from": "git://github.com/rodneyrehm/domtokenlist.git#1.2.0-alpha.1",
      "resolved": "git://github.com/rodneyrehm/domtokenlist.git#bda0e8f86e4b5f5598ad5c3ed625d5783c29983c"
    },
    "encoding": {
      "version": "0.1.12",
      "from": "encoding@>=0.1.11 <0.2.0",
      "resolved": "https://registry.npmjs.org/encoding/-/encoding-0.1.12.tgz"
    },
    "envify": {
      "version": "3.4.1",
      "from": "envify@>=3.4.0 <4.0.0",
      "resolved": "https://registry.npmjs.org/envify/-/envify-3.4.1.tgz"
    },
    "esprima-fb": {
      "version": "15001.1.0-dev-harmony-fb",
      "from": "esprima-fb@>=15001.1.0-dev-harmony-fb <15002.0.0",
      "resolved": "https://registry.npmjs.org/esprima-fb/-/esprima-fb-15001.1.0-dev-harmony-fb.tgz"
    },
    "fbjs": {
      "version": "0.8.3",
      "from": "fbjs@>=0.8.1 <0.9.0",
      "resolved": "https://registry.npmjs.org/fbjs/-/fbjs-0.8.3.tgz",
      "dependencies": {
        "object-assign": {
          "version": "4.1.0",
          "from": "object-assign@>=4.1.0 <5.0.0",
          "resolved": "https://registry.npmjs.org/object-assign/-/object-assign-4.1.0.tgz"
        }
      }
    },
    "flux-standard-action": {
      "version": "0.6.1",
      "from": "flux-standard-action@>=0.6.1 <0.7.0",
      "resolved": "https://registry.npmjs.org/flux-standard-action/-/flux-standard-action-0.6.1.tgz"
    },
    "get-form-data": {
      "version": "1.2.5",
      "from": "get-form-data@>=1.2.2 <2.0.0",
      "resolved": "https://registry.npmjs.org/get-form-data/-/get-form-data-1.2.5.tgz"
    },
    "glob": {
      "version": "5.0.15",
      "from": "glob@>=5.0.15 <6.0.0",
      "resolved": "https://registry.npmjs.org/glob/-/glob-5.0.15.tgz"
    },
    "graceful-fs": {
      "version": "4.1.4",
      "from": "graceful-fs@>=4.1.2 <5.0.0",
      "resolved": "https://registry.npmjs.org/graceful-fs/-/graceful-fs-4.1.4.tgz"
    },
    "graceful-readlink": {
      "version": "1.0.1",
      "from": "graceful-readlink@>=1.0.0",
      "resolved": "https://registry.npmjs.org/graceful-readlink/-/graceful-readlink-1.0.1.tgz"
    },
    "history": {
      "version": "2.1.2",
      "from": "history@>=2.0.1 <3.0.0",
      "resolved": "https://registry.npmjs.org/history/-/history-2.1.2.tgz"
    },
    "hoist-non-react-statics": {
      "version": "1.2.0",
      "from": "hoist-non-react-statics@>=1.0.3 <2.0.0",
      "resolved": "https://registry.npmjs.org/hoist-non-react-statics/-/hoist-non-react-statics-1.2.0.tgz"
    },
    "iconv-lite": {
      "version": "0.4.13",
      "from": "iconv-lite@>=0.4.5 <0.5.0",
      "resolved": "https://registry.npmjs.org/iconv-lite/-/iconv-lite-0.4.13.tgz"
    },
    "immutable": {
      "version": "3.8.1",
      "from": "immutable@>=3.7.6 <4.0.0",
      "resolved": "https://registry.npmjs.org/immutable/-/immutable-3.8.1.tgz"
    },
    "inflight": {
      "version": "1.0.5",
      "from": "inflight@>=1.0.4 <2.0.0",
      "resolved": "https://registry.npmjs.org/inflight/-/inflight-1.0.5.tgz"
    },
    "inherits": {
      "version": "2.0.1",
      "from": "inherits@>=2.0.0 <3.0.0",
      "resolved": "https://registry.npmjs.org/inherits/-/inherits-2.0.1.tgz"
    },
    "invariant": {
      "version": "2.2.1",
      "from": "invariant@>=2.2.1 <3.0.0",
      "resolved": "https://registry.npmjs.org/invariant/-/invariant-2.2.1.tgz"
    },
    "is-stream": {
      "version": "1.1.0",
      "from": "is-stream@>=1.0.1 <2.0.0",
      "resolved": "https://registry.npmjs.org/is-stream/-/is-stream-1.1.0.tgz"
    },
    "isomorph": {
      "version": "0.3.0",
      "from": "isomorph@>=0.3.0 <0.4.0",
      "resolved": "https://registry.npmjs.org/isomorph/-/isomorph-0.3.0.tgz"
    },
    "isomorphic-fetch": {
      "version": "2.2.1",
      "from": "isomorphic-fetch@>=2.1.1 <3.0.0",
      "resolved": "https://registry.npmjs.org/isomorphic-fetch/-/isomorphic-fetch-2.2.1.tgz"
    },
    "jquery": {
      "version": "3.1.0",
      "from": "jquery@>=3.1.0 <4.0.0",
      "resolved": "https://registry.npmjs.org/jquery/-/jquery-3.1.0.tgz"
    },
    "js-tokens": {
      "version": "1.0.3",
      "from": "js-tokens@>=1.0.1 <2.0.0",
      "resolved": "https://registry.npmjs.org/js-tokens/-/js-tokens-1.0.3.tgz"
    },
    "jstransform": {
      "version": "11.0.3",
      "from": "jstransform@>=11.0.3 <12.0.0",
      "resolved": "https://registry.npmjs.org/jstransform/-/jstransform-11.0.3.tgz"
    },
    "jszip": {
      "version": "2.6.0",
      "from": "jszip@>=2.5.0 <3.0.0",
      "resolved": "https://registry.npmjs.org/jszip/-/jszip-2.6.0.tgz"
    },
    "keycode": {
      "version": "2.1.2",
      "from": "keycode@>=2.1.1 <3.0.0",
      "resolved": "https://registry.npmjs.org/keycode/-/keycode-2.1.2.tgz"
    },
    "lodash": {
      "version": "4.13.1",
      "from": "lodash@>=4.2.0 <5.0.0",
      "resolved": "https://registry.npmjs.org/lodash/-/lodash-4.13.1.tgz"
    },
    "lodash-compat": {
      "version": "3.10.2",
      "from": "lodash-compat@>=3.10.2 <4.0.0",
      "resolved": "https://registry.npmjs.org/lodash-compat/-/lodash-compat-3.10.2.tgz"
    },
    "lodash-es": {
      "version": "4.13.1",
      "from": "lodash-es@>=4.2.1 <5.0.0",
      "resolved": "https://registry.npmjs.org/lodash-es/-/lodash-es-4.13.1.tgz"
    },
    "lodash._basefor": {
      "version": "3.0.3",
      "from": "lodash._basefor@>=3.0.0 <4.0.0",
      "resolved": "https://registry.npmjs.org/lodash._basefor/-/lodash._basefor-3.0.3.tgz"
    },
    "lodash._getnative": {
      "version": "3.9.1",
      "from": "lodash._getnative@>=3.0.0 <4.0.0",
      "resolved": "https://registry.npmjs.org/lodash._getnative/-/lodash._getnative-3.9.1.tgz"
    },
    "lodash.isarguments": {
      "version": "3.0.8",
      "from": "lodash.isarguments@>=3.0.0 <4.0.0",
      "resolved": "https://registry.npmjs.org/lodash.isarguments/-/lodash.isarguments-3.0.8.tgz"
    },
    "lodash.isarray": {
      "version": "3.0.4",
      "from": "lodash.isarray@>=3.0.0 <4.0.0",
      "resolved": "https://registry.npmjs.org/lodash.isarray/-/lodash.isarray-3.0.4.tgz"
    },
    "lodash.isplainobject": {
      "version": "3.2.0",
      "from": "lodash.isplainobject@>=3.2.0 <4.0.0",
      "resolved": "https://registry.npmjs.org/lodash.isplainobject/-/lodash.isplainobject-3.2.0.tgz"
    },
    "lodash.keys": {
      "version": "3.1.2",
      "from": "lodash.keys@>=3.1.2 <4.0.0",
      "resolved": "https://registry.npmjs.org/lodash.keys/-/lodash.keys-3.1.2.tgz"
    },
    "lodash.keysin": {
      "version": "3.0.8",
      "from": "lodash.keysin@>=3.0.0 <4.0.0",
      "resolved": "https://registry.npmjs.org/lodash.keysin/-/lodash.keysin-3.0.8.tgz"
    },
    "loose-envify": {
      "version": "1.2.0",
      "from": "loose-envify@>=1.1.0 <2.0.0",
      "resolved": "https://registry.npmjs.org/loose-envify/-/loose-envify-1.2.0.tgz"
    },
    "mime": {
      "version": "1.3.4",
      "from": "mime@>=1.3.4 <2.0.0",
      "resolved": "https://registry.npmjs.org/mime/-/mime-1.3.4.tgz"
    },
    "minimatch": {
      "version": "3.0.2",
      "from": "minimatch@>=2.0.0 <3.0.0||>=3.0.0 <4.0.0",
      "resolved": "https://registry.npmjs.org/minimatch/-/minimatch-3.0.2.tgz"
    },
    "minimist": {
      "version": "0.0.8",
      "from": "minimist@0.0.8",
      "resolved": "https://registry.npmjs.org/minimist/-/minimist-0.0.8.tgz"
    },
    "mkdirp": {
      "version": "0.5.1",
      "from": "mkdirp@>=0.5.0 <0.6.0",
      "resolved": "https://registry.npmjs.org/mkdirp/-/mkdirp-0.5.1.tgz"
    },
    "newforms": {
      "version": "0.13.2",
      "from": "newforms@>=0.13.2 <0.14.0",
      "resolved": "https://registry.npmjs.org/newforms/-/newforms-0.13.2.tgz"
    },
    "newforms-bootstrap": {
      "version": "2.0.0",
      "from": "newforms-bootstrap@>=2.0.0 <3.0.0",
      "resolved": "https://registry.npmjs.org/newforms-bootstrap/-/newforms-bootstrap-2.0.0.tgz"
    },
    "node-fetch": {
      "version": "1.5.3",
      "from": "node-fetch@>=1.0.1 <2.0.0",
      "resolved": "https://registry.npmjs.org/node-fetch/-/node-fetch-1.5.3.tgz"
    },
    "object-assign": {
      "version": "2.1.1",
      "from": "object-assign@>=2.0.0 <3.0.0",
      "resolved": "https://registry.npmjs.org/object-assign/-/object-assign-2.1.1.tgz"
    },
    "once": {
      "version": "1.3.3",
      "from": "once@>=1.3.0 <2.0.0",
      "resolved": "https://registry.npmjs.org/once/-/once-1.3.3.tgz"
    },
    "os-tmpdir": {
      "version": "1.0.1",
      "from": "os-tmpdir@>=1.0.0 <2.0.0",
      "resolved": "https://registry.npmjs.org/os-tmpdir/-/os-tmpdir-1.0.1.tgz"
    },
    "pako": {
      "version": "1.0.1",
      "from": "pako@>=1.0.0 <1.1.0",
      "resolved": "https://registry.npmjs.org/pako/-/pako-1.0.1.tgz"
    },
    "path-is-absolute": {
      "version": "1.0.0",
      "from": "path-is-absolute@>=1.0.0 <2.0.0",
      "resolved": "https://registry.npmjs.org/path-is-absolute/-/path-is-absolute-1.0.0.tgz"
    },
    "platform": {
      "version": "1.3.1",
      "from": "platform@>=1.3.1 <2.0.0",
      "resolved": "https://registry.npmjs.org/platform/-/platform-1.3.1.tgz"
    },
    "private": {
      "version": "0.1.6",
      "from": "private@>=0.1.6 <0.2.0",
      "resolved": "https://registry.npmjs.org/private/-/private-0.1.6.tgz"
    },
    "promise": {
      "version": "7.1.1",
      "from": "promise@>=7.1.1 <8.0.0",
      "resolved": "https://registry.npmjs.org/promise/-/promise-7.1.1.tgz"
    },
    "punycode": {
      "version": "1.4.1",
      "from": "punycode@>=1.3.2 <2.0.0",
      "resolved": "https://registry.npmjs.org/punycode/-/punycode-1.4.1.tgz"
    },
    "q": {
      "version": "1.4.1",
      "from": "q@>=1.1.2 <2.0.0",
      "resolved": "https://registry.npmjs.org/q/-/q-1.4.1.tgz"
    },
    "query-string": {
      "version": "3.0.3",
      "from": "query-string@>=3.0.0 <4.0.0",
      "resolved": "https://registry.npmjs.org/query-string/-/query-string-3.0.3.tgz"
    },
    "rangy": {
      "version": "1.3.0",
      "from": "rangy@>=1.3.0 <2.0.0",
      "resolved": "https://registry.npmjs.org/rangy/-/rangy-1.3.0.tgz"
    },
    "react": {
      "version": "15.2.1",
      "from": "react@>=15.2.1 <16.0.0",
      "resolved": "https://registry.npmjs.org/react/-/react-15.2.1.tgz",
      "dependencies": {
        "object-assign": {
          "version": "4.1.0",
          "from": "object-assign@>=4.1.0 <5.0.0",
          "resolved": "https://registry.npmjs.org/object-assign/-/object-assign-4.1.0.tgz"
        }
      }
    },
    "react-addons-pure-render-mixin": {
      "version": "15.2.1",
      "from": "react-addons-pure-render-mixin@>=15.2.1 <16.0.0",
      "resolved": "https://registry.npmjs.org/react-addons-pure-render-mixin/-/react-addons-pure-render-mixin-15.2.1.tgz"
    },
    "react-bootstrap": {
      "version": "0.29.5",
      "from": "react-bootstrap@>=0.29.5 <0.30.0",
      "resolved": "https://registry.npmjs.org/react-bootstrap/-/react-bootstrap-0.29.5.tgz"
    },
    "react-dom": {
      "version": "15.2.1",
      "from": "react-dom@>=15.2.1 <16.0.0",
      "resolved": "https://registry.npmjs.org/react-dom/-/react-dom-15.2.1.tgz"
    },
    "react-helmet": {
      "version": "3.1.0",
      "from": "react-helmet@>=3.1.0 <4.0.0",
      "resolved": "https://registry.npmjs.org/react-helmet/-/react-helmet-3.1.0.tgz",
      "dependencies": {
        "object-assign": {
          "version": "4.1.0",
          "from": "object-assign@>=4.0.1 <5.0.0",
          "resolved": "https://registry.npmjs.org/object-assign/-/object-assign-4.1.0.tgz"
        }
      }
    },
    "react-overlays": {
      "version": "0.6.5",
      "from": "react-overlays@>=0.6.3 <0.7.0",
      "resolved": "https://registry.npmjs.org/react-overlays/-/react-overlays-0.6.5.tgz",
      "dependencies": {
        "warning": {
          "version": "3.0.0",
          "from": "warning@>=3.0.0 <4.0.0",
          "resolved": "https://registry.npmjs.org/warning/-/warning-3.0.0.tgz"
        }
      }
    },
    "react-prop-types": {
      "version": "0.3.2",
      "from": "react-prop-types@>=0.3.0 <0.4.0",
      "resolved": "https://registry.npmjs.org/react-prop-types/-/react-prop-types-0.3.2.tgz"
    },
    "react-redux": {
      "version": "4.4.5",
      "from": "react-redux@>=4.4.5 <5.0.0",
      "resolved": "https://registry.npmjs.org/react-redux/-/react-redux-4.4.5.tgz"
    },
    "react-router": {
      "version": "2.6.0",
      "from": "react-router@2.6.0",
      "resolved": "https://registry.npmjs.org/react-router/-/react-router-2.6.0.tgz",
      "dependencies": {
        "warning": {
          "version": "3.0.0",
          "from": "warning@>=3.0.0 <4.0.0",
          "resolved": "https://registry.npmjs.org/warning/-/warning-3.0.0.tgz"
        }
      }
    },
    "react-router-bootstrap": {
      "version": "0.23.0",
      "from": "react-router-bootstrap@>=0.23.0 <0.24.0",
      "resolved": "https://registry.npmjs.org/react-router-bootstrap/-/react-router-bootstrap-0.23.0.tgz"
    },
    "react-router-redux": {
      "version": "4.0.5",
      "from": "react-router-redux@>=4.0.5 <5.0.0",
      "resolved": "https://registry.npmjs.org/react-router-redux/-/react-router-redux-4.0.5.tgz"
    },
    "react-side-effect": {
      "version": "1.0.2",
      "from": "react-side-effect@1.0.2",
      "resolved": "https://registry.npmjs.org/react-side-effect/-/react-side-effect-1.0.2.tgz",
      "dependencies": {
        "fbjs": {
          "version": "0.1.0-alpha.10",
          "from": "fbjs@0.1.0-alpha.10",
          "resolved": "https://registry.npmjs.org/fbjs/-/fbjs-0.1.0-alpha.10.tgz"
        },
        "whatwg-fetch": {
          "version": "0.9.0",
          "from": "whatwg-fetch@>=0.9.0 <0.10.0",
          "resolved": "https://registry.npmjs.org/whatwg-fetch/-/whatwg-fetch-0.9.0.tgz"
        }
      }
    },
    "recast": {
      "version": "0.10.43",
      "from": "recast@>=0.10.0 <0.11.0",
      "resolved": "https://registry.npmjs.org/recast/-/recast-0.10.43.tgz",
      "dependencies": {
        "esprima-fb": {
          "version": "15001.1001.0-dev-harmony-fb",
          "from": "esprima-fb@>=15001.1001.0-dev-harmony-fb <15001.1002.0",
          "resolved": "https://registry.npmjs.org/esprima-fb/-/esprima-fb-15001.1001.0-dev-harmony-fb.tgz"
        },
        "source-map": {
          "version": "0.5.6",
          "from": "source-map@>=0.5.0 <0.6.0",
          "resolved": "https://registry.npmjs.org/source-map/-/source-map-0.5.6.tgz"
        }
      }
    },
    "reduce-reducers": {
      "version": "0.1.2",
      "from": "reduce-reducers@>=0.1.0 <0.2.0",
      "resolved": "https://registry.npmjs.org/reduce-reducers/-/reduce-reducers-0.1.2.tgz"
    },
    "redux": {
      "version": "3.5.2",
      "from": "redux@>=3.5.2 <4.0.0",
      "resolved": "https://registry.npmjs.org/redux/-/redux-3.5.2.tgz"
    },
    "redux-actions": {
      "version": "0.10.1",
      "from": "redux-actions@>=0.10.1 <0.11.0",
      "resolved": "https://registry.npmjs.org/redux-actions/-/redux-actions-0.10.1.tgz"
    },
    "redux-promise": {
      "version": "0.5.3",
      "from": "redux-promise@>=0.5.3 <0.6.0",
      "resolved": "https://registry.npmjs.org/redux-promise/-/redux-promise-0.5.3.tgz"
    },
    "rimraf": {
      "version": "2.2.8",
      "from": "rimraf@>=2.2.6 <2.3.0",
      "resolved": "https://registry.npmjs.org/rimraf/-/rimraf-2.2.8.tgz"
    },
    "sax": {
      "version": "1.2.1",
      "from": "sax@>=0.6.0",
      "resolved": "https://registry.npmjs.org/sax/-/sax-1.2.1.tgz"
    },
    "shallowequal": {
      "version": "0.2.2",
      "from": "shallowequal@0.2.2",
      "resolved": "https://registry.npmjs.org/shallowequal/-/shallowequal-0.2.2.tgz"
    },
    "source-map": {
      "version": "0.4.4",
      "from": "source-map@>=0.4.2 <0.5.0",
      "resolved": "https://registry.npmjs.org/source-map/-/source-map-0.4.4.tgz"
    },
    "strict-uri-encode": {
      "version": "1.1.0",
      "from": "strict-uri-encode@>=1.0.0 <2.0.0",
      "resolved": "https://registry.npmjs.org/strict-uri-encode/-/strict-uri-encode-1.1.0.tgz"
    },
    "symbol-observable": {
      "version": "0.2.4",
      "from": "symbol-observable@>=0.2.3 <0.3.0",
      "resolved": "https://registry.npmjs.org/symbol-observable/-/symbol-observable-0.2.4.tgz"
    },
    "temp": {
      "version": "0.8.3",
      "from": "temp@>=0.8.3 <0.9.0",
      "resolved": "https://registry.npmjs.org/temp/-/temp-0.8.3.tgz"
    },
    "through": {
      "version": "2.3.8",
      "from": "through@>=2.3.4 <2.4.0",
      "resolved": "https://registry.npmjs.org/through/-/through-2.3.8.tgz"
    },
    "toastr": {
      "version": "2.1.2",
      "from": "toastr@>=2.1.2 <3.0.0",
      "resolved": "https://registry.npmjs.org/toastr/-/toastr-2.1.2.tgz"
    },
    "ua-parser-js": {
      "version": "0.7.10",
      "from": "ua-parser-js@>=0.7.9 <0.8.0",
      "resolved": "https://registry.npmjs.org/ua-parser-js/-/ua-parser-js-0.7.10.tgz"
    },
    "uncontrollable": {
      "version": "3.3.1",
      "from": "uncontrollable@>=3.2.3 <4.0.0",
      "resolved": "https://registry.npmjs.org/uncontrollable/-/uncontrollable-3.3.1.tgz"
    },
    "validators": {
      "version": "0.3.1",
      "from": "validators@>=0.3.1 <0.4.0",
      "resolved": "https://registry.npmjs.org/validators/-/validators-0.3.1.tgz"
    },
    "warning": {
      "version": "2.1.0",
      "from": "warning@>=2.1.0 <3.0.0",
      "resolved": "https://registry.npmjs.org/warning/-/warning-2.1.0.tgz"
    },
    "whatwg-fetch": {
      "version": "1.0.0",
      "from": "whatwg-fetch@>=0.10.0",
      "resolved": "https://registry.npmjs.org/whatwg-fetch/-/whatwg-fetch-1.0.0.tgz"
    },
    "wrappy": {
      "version": "1.0.2",
      "from": "wrappy@>=1.0.0 <2.0.0",
      "resolved": "https://registry.npmjs.org/wrappy/-/wrappy-1.0.2.tgz"
    },
    "xml2js": {
      "version": "0.4.17",
      "from": "xml2js@>=0.4.17 <0.5.0",
      "resolved": "https://registry.npmjs.org/xml2js/-/xml2js-0.4.17.tgz"
    },
    "xmlbuilder": {
      "version": "4.2.1",
      "from": "xmlbuilder@>=4.1.0 <5.0.0",
      "resolved": "https://registry.npmjs.org/xmlbuilder/-/xmlbuilder-4.2.1.tgz"
    }
  }
}
